<?xml version="1.0" encoding="utf-8"?>
<Project ToolsVersion="4.0" xmlns="http://schemas.microsoft.com/developer/msbuild/2003">
  <ItemGroup>
    <Filter Include="Source Files">
      <UniqueIdentifier>{4FC737F1-C7A5-4376-A066-2A32D752A2FF}</UniqueIdentifier>
      <Extensions>cpp;c;cc;cxx;def;odl;idl;hpj;bat;asm;asmx</Extensions>
    </Filter>
    <Filter Include="Header Files">
      <UniqueIdentifier>{93995380-89BD-4b04-88EB-625FBE52EBFB}</UniqueIdentifier>
      <Extensions>h;hpp;hxx;hm;inl;inc;xsd</Extensions>
    </Filter>
    <Filter Include="Resource Files">
      <UniqueIdentifier>{67DA6AB6-F800-4c08-8B7A-83BB121AAD01}</UniqueIdentifier>
      <Extensions>rc;ico;cur;bmp;dlg;rc2;rct;bin;rgs;gif;jpg;jpeg;jpe;resx;tiff;tif;png;wav</Extensions>
    </Filter>
  </ItemGroup>
  <ItemGroup>
    <ClCompile Include="AirCavCounterData.cpp">
      <Filter>Source Files</Filter>
    </ClCompile>
    <ClCompile Include="AirCavLOS.cpp">
      <Filter>Source Files</Filter>
    </ClCompile>
    <ClCompile Include="AirCavLOSDlg.cpp">
      <Filter>Source Files</Filter>
    </ClCompile>
    <ClCompile Include="AirCavMapData.cpp">
      <Filter>Source Files</Filter>
    </ClCompile>
    <ClCompile Include="AirCavScenarioData.cpp">
      <Filter>Source Files</Filter>
    </ClCompile>
    <ClCompile Include="AirCavUnitData.cpp">
      <Filter>Source Files</Filter>
    </ClCompile>
    <ClCompile Include="AirCavWeaponData.cpp">
      <Filter>Source Files</Filter>
    </ClCompile>
    <ClCompile Include="ElevOffsetDlg.cpp">
      <Filter>Source Files</Filter>
    </ClCompile>
    <ClCompile Include="HexTerrain.cpp">
      <Filter>Source Files</Filter>
    </ClCompile>
    <ClCompile Include="IndirectFire.cpp">
      <Filter>Source Files</Filter>
    </ClCompile>
    <ClCompile Include="KillDialog.cpp">
      <Filter>Source Files</Filter>
    </ClCompile>
    <ClCompile Include="OppFireDialog.cpp">
      <Filter>Source Files</Filter>
    </ClCompile>
    <ClCompile Include="ScenarioDlg.cpp">
      <Filter>Source Files</Filter>
    </ClCompile>
    <ClCompile Include="stdafx.cpp">
      <Filter>Source Files</Filter>
    </ClCompile>
    <ClCompile Include="UnitDetails.cpp">
      <Filter>Source Files</Filter>
    </ClCompile>
  </ItemGroup>
  <ItemGroup>
    <ClInclude Include="AirCavCommon.h">
      <Filter>Header Files</Filter>
    </ClInclude>
    <ClInclude Include="AirCavCounterData.h">
      <Filter>Header Files</Filter>
    </ClInclude>
    <ClInclude Include="AirCavLOS.h">
      <Filter>Header Files</Filter>
    </ClInclude>
    <ClInclude Include="AirCavLOSDlg.h">
      <Filter>Header Files</Filter>
    </ClInclude>
    <ClInclude Include="AirCavMapData.h">
      <Filter>Header Files</Filter>
    </ClInclude>
    <ClInclude Include="AirCavScenarioData.h">
      <Filter>Header Files</Filter>
    </ClInclude>
    <ClInclude Include="AirCavUnitData.h">
      <Filter>Header Files</Filter>
    </ClInclude>
    <ClInclude Include="AirCavWeaponData.h">
      <Filter>Header Files</Filter>
    </ClInclude>
    <ClInclude Include="ElevOffsetDlg.h">
      <Filter>Header Files</Filter>
    </ClInclude>
    <ClInclude Include="HexTerrain.h">
      <Filter>Header Files</Filter>
    </ClInclude>
    <ClInclude Include="IndirectFire.h">
      <Filter>Header Files</Filter>
    </ClInclude>
    <ClInclude Include="KillDialog.h">
      <Filter>Header Files</Filter>
    </ClInclude>
    <ClInclude Include="OppFireDialog.h">
      <Filter>Header Files</Filter>
    </ClInclude>
    <ClInclude Include="Resource.h">
      <Filter>Header Files</Filter>
    </ClInclude>
    <ClInclude Include="ScenarioDlg.h">
      <Filter>Header Files</Filter>
    </ClInclude>
    <ClInclude Include="stdafx.h">
      <Filter>Header Files</Filter>
    </ClInclude>
    <ClInclude Include="UnitDetails.h">
      <Filter>Header Files</Filter>
    </ClInclude>
  </ItemGroup>
  <ItemGroup>
    <Image Include="aircav_32.bmp">
      <Filter>Resource Files</Filter>
    </Image>
    <Image Include="aircav_48.bmp">
      <Filter>Resource Files</Filter>
    </Image>
    <Image Include="res\AirCavLOS.ico">
      <Filter>Resource Files</Filter>
    </Image>
  </ItemGroup>
  <ItemGroup>
    <ResourceCompile Include="AirCavLOS.rc">
      <Filter>Resource Files</Filter>
    </ResourceCompile>
  </ItemGroup>
  <ItemGroup>
    <None Include="res\AirCavLOS.rc2">
      <Filter>Resource Files</Filter>
    </None>
  </ItemGroup>
  <ItemGroup>
    <Text Include="ReadMe.txt" />
  </ItemGroup>
</Project>